
Microsoft Visual Studio Solution File, Format Version 12.00
# Visual Studio 14
VisualStudioVersion = 14.0.25420.1
MinimumVisualStudioVersion = 10.0.40219.1
Project("{8BC9CEB8-8B4A-11D0-8D11-00A0C91BC942}") = "libiconv", "libiconv\libiconv.vcxproj", "{474EF0DF-AA66-464E-B039-0276340F6072}"
EndProject
Project("{8BC9CEB8-8B4A-11D0-8D11-00A0C91BC942}") = "libiconvtest", "libiconvtest\libiconvtest.vcxproj", "{EDA04D23-CC90-4432-A107-52E30D612224}"
	ProjectSection(ProjectDependencies) = postProject
		{474EF0DF-AA66-464E-B039-0276340F6072} = {474EF0DF-AA66-464E-B039-0276340F6072}
	EndProjectSection
EndProject
Global
	GlobalSection(SolutionConfigurationPlatforms) = preSolution
		Debug-MDd|x64 = Debug-MDd|x64
		Debug-MDd|x86 = Debug-MDd|x86
		Debug-MTd|x64 = Debug-MTd|x64
		Debug-MTd|x86 = Debug-MTd|x86
		Release-MD|x64 = Release-MD|x64
		Release-MD|x86 = Release-MD|x86
		Release-MT|x64 = Release-MT|x64
		Release-MT|x86 = Release-MT|x86
	EndGlobalSection
	GlobalSection(ProjectConfigurationPlatforms) = postSolution
		{474EF0DF-AA66-464E-B039-0276340F6072}.Debug-MDd|x64.ActiveCfg = Debug-MDd|x64
		{474EF0DF-AA66-464E-B039-0276340F6072}.Debug-MDd|x64.Build.0 = Debug-MDd|x64
		{474EF0DF-AA66-464E-B039-0276340F6072}.Debug-MDd|x86.ActiveCfg = Debug-MDd|Win32
		{474EF0DF-AA66-464E-B039-0276340F6072}.Debug-MDd|x86.Build.0 = Debug-MDd|Win32
		{474EF0DF-AA66-464E-B039-0276340F6072}.Debug-MTd|x64.ActiveCfg = Debug-MTd|x64
		{474EF0DF-AA66-464E-B039-0276340F6072}.Debug-MTd|x64.Build.0 = Debug-MTd|x64
		{474EF0DF-AA66-464E-B039-0276340F6072}.Debug-MTd|x86.ActiveCfg = Debug-MTd|Win32
		{474EF0DF-AA66-464E-B039-0276340F6072}.Debug-MTd|x86.Build.0 = Debug-MTd|Win32
		{474EF0DF-AA66-464E-B039-0276340F6072}.Release-MD|x64.ActiveCfg = Release-MD|x64
		{474EF0DF-AA66-464E-B039-0276340F6072}.Release-MD|x64.Build.0 = Release-MD|x64
		{474EF0DF-AA66-464E-B039-0276340F6072}.Release-MD|x86.ActiveCfg = Release-MD|Win32
		{474EF0DF-AA66-464E-B039-0276340F6072}.Release-MD|x86.Build.0 = Release-MD|Win32
		{474EF0DF-AA66-464E-B039-0276340F6072}.Release-MT|x64.ActiveCfg = Release-MT|x64
		{474EF0DF-AA66-464E-B039-0276340F6072}.Release-MT|x64.Build.0 = Release-MT|x64
		{474EF0DF-AA66-464E-B039-0276340F6072}.Release-MT|x86.ActiveCfg = Release-MT|Win32
		{474EF0DF-AA66-464E-B039-0276340F6072}.Release-MT|x86.Build.0 = Release-MT|Win32
		{EDA04D23-CC90-4432-A107-52E30D612224}.Debug-MDd|x64.ActiveCfg = Debug-MDd|x64
		{EDA04D23-CC90-4432-A107-52E30D612224}.Debug-MDd|x64.Build.0 = Debug-MDd|x64
		{EDA04D23-CC90-4432-A107-52E30D612224}.Debug-MDd|x86.ActiveCfg = Debug-MDd|Win32
		{EDA04D23-CC90-4432-A107-52E30D612224}.Debug-MDd|x86.Build.0 = Debug-MDd|Win32
		{EDA04D23-CC90-4432-A107-52E30D612224}.Debug-MTd|x64.ActiveCfg = Debug-MTd|x64
		{EDA04D23-CC90-4432-A107-52E30D612224}.Debug-MTd|x64.Build.0 = Debug-MTd|x64
		{EDA04D23-CC90-4432-A107-52E30D612224}.Debug-MTd|x86.ActiveCfg = Debug-MTd|Win32
		{EDA04D23-CC90-4432-A107-52E30D612224}.Debug-MTd|x86.Build.0 = Debug-MTd|Win32
		{EDA04D23-CC90-4432-A107-52E30D612224}.Release-MD|x64.ActiveCfg = Release-MD|x64
		{EDA04D23-CC90-4432-A107-52E30D612224}.Release-MD|x64.Build.0 = Release-MD|x64
		{EDA04D23-CC90-4432-A107-52E30D612224}.Release-MD|x86.ActiveCfg = Release-MD|Win32
		{EDA04D23-CC90-4432-A107-52E30D612224}.Release-MD|x86.Build.0 = Release-MD|Win32
		{EDA04D23-CC90-4432-A107-52E30D612224}.Release-MT|x64.ActiveCfg = Release-MT|x64
		{EDA04D23-CC90-4432-A107-52E30D612224}.Release-MT|x64.Build.0 = Release-MT|x64
		{EDA04D23-CC90-4432-A107-52E30D612224}.Release-MT|x86.ActiveCfg = Release-MT|Win32
		{EDA04D23-CC90-4432-A107-52E30D612224}.Release-MT|x86.Build.0 = Release-MT|Win32
	EndGlobalSection
	GlobalSection(SolutionProperties) = preSolution
		HideSolutionNode = FALSE
	EndGlobalSection
EndGlobal
